
Microsoft Visual Studio Solution File, Format Version 12.00
# Visual Studio Version 17
VisualStudioVersion = 17.7.34202.233
MinimumVisualStudioVersion = 10.0.40219.1
Project("{FAE04EC0-301F-11D3-BF4B-00C04F79EFBC}") = "LoginSystem", "LoginSystem.csproj", "{C369378D-4B92-40A1-9E0C-A150CDB59712}"
EndProject
Global
	GlobalSection(SolutionConfigurationPlatforms) = preSolution
		Debug|Any CPU = Debug|Any CPU
		Release|Any CPU = Release|Any CPU
	EndGlobalSection
	GlobalSection(ProjectConfigurationPlatforms) = postSolution
		{C369378D-4B92-40A1-9E0C-A150CDB59712}.Debug|Any CPU.ActiveCfg = Debug|Any CPU
		{C369378D-4B92-40A1-9E0C-A150CDB59712}.Debug|Any CPU.Build.0 = Debug|Any CPU
		{C369378D-4B92-40A1-9E0C-A150CDB59712}.Release|Any CPU.ActiveCfg = Release|Any CPU
		{C369378D-4B92-40A1-9E0C-A150CDB59712}.Release|Any CPU.Build.0 = Release|Any CPU
	EndGlobalSection
	GlobalSection(SolutionProperties) = preSolution
		HideSolutionNode = FALSE
	EndGlobalSection
	GlobalSection(ExtensibilityGlobals) = postSolution
		SolutionGuid = {2FDF2996-31E8-4973-9B6F-E84CF2206F2B}
	EndGlobalSection
EndGlobal
